
Microsoft Visual Studio Solution File, Format Version 12.00
# Visual Studio 15
VisualStudioVersion = 15.0.27004.2006
MinimumVisualStudioVersion = 10.0.40219.1
Project("{FAE04EC0-301F-11D3-BF4B-00C04F79EFBC}") = "BerlinClock", "BerlinClock.csproj", "{0451204D-BF86-43E1-B560-FC9AC830B9A9}"
EndProject
Project("{FAE04EC0-301F-11D3-BF4B-00C04F79EFBC}") = "BerlinClock.Tests", "..\BerlinClock.Tests\BerlinClock.Tests.csproj", "{2F94B9F9-B2AC-405F-BC82-45AFB4CA9F27}"
EndProject
Global
	GlobalSection(SolutionConfigurationPlatforms) = preSolution
		Debug|Any CPU = Debug|Any CPU
		Release|Any CPU = Release|Any CPU
	EndGlobalSection
	GlobalSection(ProjectConfigurationPlatforms) = postSolution
		{0451204D-BF86-43E1-B560-FC9AC830B9A9}.Debug|Any CPU.ActiveCfg = Debug|Any CPU
		{0451204D-BF86-43E1-B560-FC9AC830B9A9}.Debug|Any CPU.Build.0 = Debug|Any CPU
		{0451204D-BF86-43E1-B560-FC9AC830B9A9}.Release|Any CPU.ActiveCfg = Release|Any CPU
		{0451204D-BF86-43E1-B560-FC9AC830B9A9}.Release|Any CPU.Build.0 = Release|Any CPU
		{2F94B9F9-B2AC-405F-BC82-45AFB4CA9F27}.Debug|Any CPU.ActiveCfg = Debug|Any CPU
		{2F94B9F9-B2AC-405F-BC82-45AFB4CA9F27}.Debug|Any CPU.Build.0 = Debug|Any CPU
		{2F94B9F9-B2AC-405F-BC82-45AFB4CA9F27}.Release|Any CPU.ActiveCfg = Release|Any CPU
		{2F94B9F9-B2AC-405F-BC82-45AFB4CA9F27}.Release|Any CPU.Build.0 = Release|Any CPU
	EndGlobalSection
	GlobalSection(SolutionProperties) = preSolution
		HideSolutionNode = FALSE
	EndGlobalSection
	GlobalSection(ExtensibilityGlobals) = postSolution
		SolutionGuid = {77A21749-09CC-4F93-9A2A-56D7D514129B}
	EndGlobalSection
EndGlobal
